GIT
  remote: git://github.com/DavyJonesLocker/client_side_validations.git
  revision: 979e6a9c938354ba33a12d32d285ea04f49c9014
  specs:
    client_side_validations (4.2.0)
      jquery-rails (>= 3.1.2, < 5.0.0)
      rails (>= 4.0.0, < 4.3.0)

GIT
  remote: git://github.com/activeadmin/activeadmin.git
  revision: 7aef260921d418d904d2dba9b1a97eed893e9019
  specs:
    activeadmin (1.0.0.pre)
      arbre (~> 1.0, >= 1.0.2)
      bourbon
      coffee-rails
      formtastic (~> 3.1)
      formtastic_i18n
      inherited_resources (~> 1.4, != 1.5.0)
      jquery-rails
      jquery-ui-rails (~> 5.0)
      kaminari (~> 0.15)
      rails (>= 3.2, < 5.0)
      ransack (~> 1.3)
      sass-rails

GIT
  remote: git://github.com/activerecord-hackery/polyamorous.git
  revision: 9485cc761b6f55ba0bfb3850cc9574e4923dc268
  specs:
    polyamorous (1.1.0)
      activerecord (>= 3.0)

GIT
  remote: git://github.com/chinshr/autoscaler.git
  revision: 5668d8d98192486517a03e68c919c6f8e7979297
  specs:
    autoscaler (0.9.0)
      heroku-api
      sidekiq (~> 3)

GIT
  remote: git://github.com/justinfrench/formtastic.git
  revision: 0de7941dfd37c1391452320696be7516a8782d9c
  specs:
    formtastic (3.2.0.pre)
      actionpack (>= 3.2.13)

GIT
  remote: https://github.com/chinshr/griddler.git
  revision: ac726e16e7b89d8f042a2adbb5cd34e8f7d6a3b7
  specs:
    griddler (0.6.3)
      htmlentities
      rails (>= 3.2.0)

GIT
  remote: https://github.com/chinshr/turkee.git
  revision: 0f5fab72e397ee1e5f9896bb268bce0bb1388b0b
  branch: master
  specs:
    turkee (2.0.2)
      lockfile
      rails (>= 3.1.1)
      rturk (>= 2.4.0)

GEM
  remote: https://rubygems.org/
  specs:
    aasm (4.7.0)
    actionmailer (4.1.9)
      actionpack (= 4.1.9)
      actionview (= 4.1.9)
      mail (~> 2.5, >= 2.5.4)
    actionpack (4.1.9)
      actionview (= 4.1.9)
      activesupport (= 4.1.9)
      rack (~> 1.5.2)
      rack-test (~> 0.6.2)
    actionview (4.1.9)
      activesupport (= 4.1.9)
      builder (~> 3.1)
      erubis (~> 2.7.0)
    activejob_backport (0.0.3)
      activesupport (>= 4.0.0)
    activemodel (4.1.9)
      activesupport (= 4.1.9)
      builder (~> 3.1)
    activerecord (4.1.9)
      activemodel (= 4.1.9)
      activesupport (= 4.1.9)
      arel (~> 5.0.0)
    activeresource (4.0.0)
      activemodel (~> 4.0)
      activesupport (~> 4.0)
      rails-observers (~> 0.1.1)
    activesupport (4.1.9)
      i18n (~> 0.6, >= 0.6.9)
      json (~> 1.7, >= 1.7.7)
      minitest (~> 5.1)
      thread_safe (~> 0.1)
      tzinfo (~> 1.1)
    acts-as-taggable-on (3.5.0)
      activerecord (>= 3.2, < 5)
    addressable (2.3.6)
    amatch (0.3.0)
      tins (~> 1.0)
    arbre (1.0.2)
      activesupport (>= 3.0.0)
    arel (5.0.1.20140414130214)
    awesome_print (1.6.1)
    aws-sdk-v1 (1.64.0)
      json (~> 1.4)
      nokogiri (>= 1.4.4)
    backbone-on-rails (1.1.2.0)
      actionmailer
      actionpack
      activemodel
      activeresource
      eco
      ejs
      jquery-rails
      railties
    backbone-support (0.4.0)
    bcrypt (3.1.9)
    bourbon (3.2.3)
      sass (~> 3.2)
      thor
    builder (3.2.2)
    celluloid (0.17.2)
      celluloid-essentials
      celluloid-extras
      celluloid-fsm
      celluloid-pool
      celluloid-supervision
      timers (>= 4.1.1)
    celluloid-essentials (0.20.5)
      timers (>= 4.1.1)
    celluloid-extras (0.20.5)
      timers (>= 4.1.1)
    celluloid-fsm (0.20.5)
      timers (>= 4.1.1)
    celluloid-pool (0.20.5)
      timers (>= 4.1.1)
    celluloid-supervision (0.20.5)
      timers (>= 4.1.1)
    clockwork (1.2.0)
      activesupport
      tzinfo
    coderay (1.1.0)
    coffee-rails (4.1.0)
      coffee-script (>= 2.2.0)
      railties (>= 4.0.0, < 5.0)
    coffee-script (2.3.0)
      coffee-script-source
      execjs
    coffee-script-source (1.9.1)
    connection_pool (2.2.0)
    crack (0.4.2)
      safe_yaml (~> 1.0.0)
    daemons (1.2.2)
    dalli (2.7.4)
    devise (3.4.1)
      bcrypt (~> 3.0)
      orm_adapter (~> 0.1)
      railties (>= 3.2.6, < 5)
      responders
      thread_safe (~> 0.1)
      warden (~> 1.2.3)
    docile (1.1.5)
    domain_name (0.5.25)
      unf (>= 0.0.5, < 1.0.0)
    dotenv (0.11.1)
      dotenv-deployment (~> 0.0.2)
    dotenv-deployment (0.0.2)
    eco (1.0.0)
      coffee-script
      eco-source
      execjs
    eco-source (1.1.0.rc.1)
    ejs (1.1.1)
    erector (0.10.0)
      treetop (>= 1.2.3)
    erubis (2.7.0)
    eventmachine (1.0.7)
    excon (0.45.4)
    execjs (2.4.0)
    factory_girl (4.5.0)
      activesupport (>= 3.0.0)
    factory_girl_rails (4.5.0)
      factory_girl (~> 4.5.0)
      railties (>= 3.0.0)
    faraday (0.9.2)
      multipart-post (>= 1.2, < 3)
    faraday-cookie_jar (0.0.6)
      faraday (>= 0.7.4)
      http-cookie (~> 1.0.0)
    faraday-http-cache (1.2.2)
      faraday (~> 0.8)
    faraday_middleware (0.10.0)
      faraday (>= 0.7.4, < 0.10)
    fastimage (1.8.1)
      addressable (~> 2.3, >= 2.3.5)
    font-awesome-rails (4.3.0.0)
      railties (>= 3.2, < 5.0)
    font_assets (0.1.11)
      rack
    foreman (0.73.0)
      dotenv (~> 0.11.1)
      thor (~> 0.19.1)
    formtastic_i18n (0.1.1)
    friendly_id (5.1.0)
      activerecord (>= 4.0.0)
    fuzzy_match (2.1.0)
    geocoder (1.2.6)
    gingerice (1.2.2)
      addressable
      awesome_print
    gmaps4rails (2.1.2)
    has_scope (0.6.0.rc)
      actionpack (>= 3.2, < 5)
      activesupport (>= 3.2, < 5)
    heroku-api (0.3.23)
      excon (~> 0.44)
      multi_json (~> 1.8)
    highcharts-rails (3.0.10)
      railties (>= 3.1)
    hitimes (1.2.3)
    htmlentities (4.3.3)
    http-cookie (1.0.2)
      domain_name (~> 0.5)
    i18n (0.7.0)
    inherited_resources (1.5.1)
      actionpack (>= 3.2, < 4.2)
      has_scope (~> 0.6.0.rc)
      railties (>= 3.2, < 4.2)
      responders (~> 1.0)
    jquery-rails (3.1.2)
      railties (>= 3.0, < 5.0)
      thor (>= 0.14, < 2.0)
    jquery-ui-rails (5.0.3)
      railties (>= 3.2.16)
    json (1.8.3)
    kaminari (0.16.1)
      actionpack (>= 3.0.0)
      activesupport (>= 3.0.0)
    kgio (2.9.2)
    lockfile (2.1.3)
    mail (2.6.3)
      mime-types (>= 1.16, < 3)
    metaclass (0.0.4)
    metainspector (4.7.2)
      addressable (~> 2.3.5)
      faraday (~> 0.9.0)
      faraday-cookie_jar (~> 0.0.6)
      faraday-http-cache (~> 1.2.2)
      faraday_middleware (~> 0.10)
      fastimage
      nokogiri (~> 1.6)
    method_source (0.8.2)
    mime-types (1.25.1)
    mini_portile (0.6.2)
    minitest (5.8.3)
    mocha (1.1.0)
      metaclass (~> 0.0.1)
    modernizr-rails (2.7.1)
    multi_json (1.11.2)
    multipart-post (2.0.0)
    net-http-persistent (2.9.4)
    netrc (0.10.2)
    newrelic_rpm (3.9.9.275)
    nokogiri (1.6.5)
      mini_portile (~> 0.6.0)
    oj (2.11.1)
    orm_adapter (0.5.0)
    paper_trail (4.0.0)
      activerecord (>= 3.0, < 6.0)
      activesupport (>= 3.0, < 6.0)
      request_store (~> 1.1)
    pg (0.18.1)
    polyglot (0.3.5)
    pry (0.10.1)
      coderay (~> 1.1.0)
      method_source (~> 0.8.1)
      slop (~> 3.4)
    pry-nav (0.2.4)
      pry (>= 0.9.10, < 0.11.0)
    pry-rails (0.3.2)
      pry (>= 0.9.10)
    psych (2.0.9)
    pubnub (3.7.9)
      eventmachine (~> 1.0)
      json (~> 1.8)
      net-http-persistent (~> 2.9)
    pundit (0.3.0)
      activesupport (>= 3.0.0)
    rabl (0.11.5)
      activesupport (>= 2.3.14)
    rack (1.5.5)
    rack-cache (1.2)
      rack (>= 0.4)
    rack-cors (0.3.1)
    rack-protection (1.5.3)
      rack
    rack-reverse-proxy (0.4.4)
      rack (>= 1.0.0)
    rack-test (0.6.3)
      rack (>= 1.0)
    rails (4.1.9)
      actionmailer (= 4.1.9)
      actionpack (= 4.1.9)
      actionview (= 4.1.9)
      activemodel (= 4.1.9)
      activerecord (= 4.1.9)
      activesupport (= 4.1.9)
      bundler (>= 1.3.0, < 2.0)
      railties (= 4.1.9)
      sprockets-rails (~> 2.0)
    rails-observers (0.1.2)
      activemodel (~> 4.0)
    rails_12factor (0.0.3)
      rails_serve_static_assets
      rails_stdout_logging
    rails_serve_static_assets (0.0.3)
    rails_stdout_logging (0.0.3)
    railties (4.1.9)
      actionpack (= 4.1.9)
      activesupport (= 4.1.9)
      rake (>= 0.8.7)
      thor (>= 0.18.1, < 2.0)
    raindrops (0.13.0)
    rake (10.4.2)
    ransack (1.5.1)
      actionpack (>= 3.0)
      activerecord (>= 3.0)
      activesupport (>= 3.0)
      i18n
      polyamorous (~> 1.1)
    rdoc (4.2.0)
      json (~> 1.4)
    redcarpet (3.2.2)
    redis (3.2.1)
    redis-namespace (1.5.2)
      redis (~> 3.0, >= 3.0.4)
    request_store (1.2.0)
    responders (1.1.2)
      railties (>= 3.2, < 4.2)
    rest-client (1.7.2)
      mime-types (>= 1.16, < 3.0)
      netrc (~> 0.7)
    rturk (2.12.1)
      erector
      nokogiri
      rest-client
    safe_yaml (1.0.4)
    sass (3.4.19)
    sass-rails (5.0.4)
      railties (>= 4.0.0, < 5.0)
      sass (~> 3.1)
      sprockets (>= 2.8, < 4.0)
      sprockets-rails (>= 2.0, < 4.0)
      tilt (>= 1.1, < 3)
    sdoc (0.4.1)
      json (~> 1.7, >= 1.7.7)
      rdoc (~> 4.0)
    shoulda (3.5.0)
      shoulda-context (~> 1.0, >= 1.0.1)
      shoulda-matchers (>= 1.4.1, < 3.0)
    shoulda-context (1.2.1)
    shoulda-matchers (2.7.0)
      activesupport (>= 3.0.0)
    sidekiq (3.5.1)
      celluloid (~> 0.17.2)
      connection_pool (~> 2.2, >= 2.2.0)
      json (~> 1.0)
      redis (~> 3.2, >= 3.2.1)
      redis-namespace (~> 1.5, >= 1.5.2)
    simplecov (0.9.1)
      docile (~> 1.1.0)
      multi_json (~> 1.0)
      simplecov-html (~> 0.8.0)
    simplecov-html (0.8.0)
    sinatra (1.4.5)
      rack (~> 1.4)
      rack-protection (~> 1.4)
      tilt (~> 1.3, >= 1.3.4)
    slop (3.6.0)
    sprockets (3.4.1)
      rack (> 1, < 3)
    sprockets-rails (2.3.3)
      actionpack (>= 3.0)
      activesupport (>= 3.0)
      sprockets (>= 2.8, < 4.0)
    srt (0.1.3)
    test_after_commit (0.4.0)
      activerecord (>= 3.2)
    thin (1.6.3)
      daemons (~> 1.0, >= 1.0.9)
      eventmachine (~> 1.0)
      rack (~> 1.0)
    thor (0.19.1)
    thread_safe (0.3.5)
    tilt (1.4.1)
    timecop (0.7.3)
    timers (4.1.1)
      hitimes
    tins (1.3.3)
    treetop (1.6.2)
      polyglot (~> 0.3)
    tzinfo (1.2.2)
      thread_safe (~> 0.1)
    uglifier (2.7.1)
      execjs (>= 0.3.0)
      json (>= 1.8.0)
    unf (0.1.4)
      unf_ext
    unf_ext (0.0.7.1)
    unicorn (4.8.3)
      kgio (~> 2.6)
      rack
      raindrops (~> 0.7)
    warden (1.2.3)
      rack (>= 1.0)
    webmock (1.20.4)
      addressable (>= 2.3.6)
      crack (>= 0.3.2)
    whatlanguage (1.0.5)
    yui-compressor (0.12.0)

PLATFORMS
  ruby

DEPENDENCIES
  aasm (~> 4.7)
  activeadmin!
  activejob_backport
  acts-as-taggable-on (~> 3.4)
  amatch
  autoscaler!
  aws-sdk-v1
  backbone-on-rails
  backbone-support
  client_side_validations!
  clockwork (~> 1.2.0)
  coderay
  coffee-rails
  dalli
  devise
  eco
  ejs
  factory_girl_rails
  font-awesome-rails
  font_assets
  foreman (~> 0.73.0)
  formtastic!
  friendly_id (~> 5.1.0)
  fuzzy_match
  geocoder
  gingerice
  gmaps4rails
  griddler!
  highcharts-rails (~> 3.0.0)
  jquery-rails
  jquery-ui-rails
  json
  kgio
  metainspector
  minitest
  mocha
  modernizr-rails
  newrelic_rpm
  nokogiri
  oj
  paper_trail (~> 4)
  pg
  polyamorous!
  pry-nav
  pry-rails
  psych
  pubnub (~> 3.7.9)
  pundit
  rabl
  rack-cache
  rack-cors
  rack-reverse-proxy
  rails (= 4.1.9)
  rails_12factor
  redcarpet
  sass-rails
  sdoc
  shoulda
  shoulda-context
  shoulda-matchers
  sidekiq (~> 3.5.1)
  simplecov
  sinatra
  srt
  test_after_commit
  thin
  timecop
  turkee!
  uglifier
  unicorn
  webmock
  whatlanguage (~> 1.0.5)
  yui-compressor

BUNDLED WITH
   1.11.2
